
Microsoft Visual Studio Solution File, Format Version 12.00
Project("{FAE04EC0-301F-11D3-BF4B-00C04F79EFBC}") = "CodeWars-IsHeGonnaSurvive", "CodeWars-IsHeGonnaSurvive\CodeWars-IsHeGonnaSurvive.csproj", "{B6B6D940-7B75-4AAE-B8F1-5F4F10C7A83E}"
EndProject
Global
	GlobalSection(SolutionConfigurationPlatforms) = preSolution
		Debug|Any CPU = Debug|Any CPU
		Release|Any CPU = Release|Any CPU
	EndGlobalSection
	GlobalSection(ProjectConfigurationPlatforms) = postSolution
		{B6B6D940-7B75-4AAE-B8F1-5F4F10C7A83E}.Debug|Any CPU.ActiveCfg = Debug|Any CPU
		{B6B6D940-7B75-4AAE-B8F1-5F4F10C7A83E}.Debug|Any CPU.Build.0 = Debug|Any CPU
		{B6B6D940-7B75-4AAE-B8F1-5F4F10C7A83E}.Release|Any CPU.ActiveCfg = Release|Any CPU
		{B6B6D940-7B75-4AAE-B8F1-5F4F10C7A83E}.Release|Any CPU.Build.0 = Release|Any CPU
	EndGlobalSection
EndGlobal
